
Microsoft Visual Studio Solution File, Format Version 12.00
# Visual Studio Version 17
VisualStudioVersion = 17.6.33723.286
MinimumVisualStudioVersion = 10.0.40219.1
Project("{9A19103F-16F7-4668-BE54-9A1E7A4F7556}") = "APIConjuntos", "APIConjuntos.csproj", "{63FBDED5-C483-44B9-B14B-00FCC03B4579}"
EndProject
Project("{FAE04EC0-301F-11D3-BF4B-00C04F79EFBC}") = "APIConjuntosTests1", "..\APIConjuntosTests1\APIConjuntosTests1.csproj", "{70125BCF-888B-43DB-83D4-94CD590B29C6}"
EndProject
Global
	GlobalSection(SolutionConfigurationPlatforms) = preSolution
		Debug|Any CPU = Debug|Any CPU
		Release|Any CPU = Release|Any CPU
	EndGlobalSection
	GlobalSection(ProjectConfigurationPlatforms) = postSolution
		{63FBDED5-C483-44B9-B14B-00FCC03B4579}.Debug|Any CPU.ActiveCfg = Debug|Any CPU
		{63FBDED5-C483-44B9-B14B-00FCC03B4579}.Debug|Any CPU.Build.0 = Debug|Any CPU
		{63FBDED5-C483-44B9-B14B-00FCC03B4579}.Release|Any CPU.ActiveCfg = Release|Any CPU
		{63FBDED5-C483-44B9-B14B-00FCC03B4579}.Release|Any CPU.Build.0 = Release|Any CPU
		{70125BCF-888B-43DB-83D4-94CD590B29C6}.Debug|Any CPU.ActiveCfg = Debug|Any CPU
		{70125BCF-888B-43DB-83D4-94CD590B29C6}.Debug|Any CPU.Build.0 = Debug|Any CPU
		{70125BCF-888B-43DB-83D4-94CD590B29C6}.Release|Any CPU.ActiveCfg = Release|Any CPU
		{70125BCF-888B-43DB-83D4-94CD590B29C6}.Release|Any CPU.Build.0 = Release|Any CPU
	EndGlobalSection
	GlobalSection(SolutionProperties) = preSolution
		HideSolutionNode = FALSE
	EndGlobalSection
	GlobalSection(ExtensibilityGlobals) = postSolution
		SolutionGuid = {35B4B19F-D2D8-4A90-9C6E-E1FA823297DD}
	EndGlobalSection
EndGlobal
